
Microsoft Visual Studio Solution File, Format Version 12.00
# Visual Studio Version 16
VisualStudioVersion = 16.0.31112.23
MinimumVisualStudioVersion = 10.0.40219.1
Project("{FAE04EC0-301F-11D3-BF4B-00C04F79EFBC}") = "HelloWinform", "HelloWinform.csproj", "{CCCE6974-FB87-4A3B-8874-641B6924D47B}"
EndProject
Global
	GlobalSection(SolutionConfigurationPlatforms) = preSolution
		Debug|Any CPU = Debug|Any CPU
		Release|Any CPU = Release|Any CPU
	EndGlobalSection
	GlobalSection(ProjectConfigurationPlatforms) = postSolution
		{CCCE6974-FB87-4A3B-8874-641B6924D47B}.Debug|Any CPU.ActiveCfg = Debug|Any CPU
		{CCCE6974-FB87-4A3B-8874-641B6924D47B}.Debug|Any CPU.Build.0 = Debug|Any CPU
		{CCCE6974-FB87-4A3B-8874-641B6924D47B}.Release|Any CPU.ActiveCfg = Release|Any CPU
		{CCCE6974-FB87-4A3B-8874-641B6924D47B}.Release|Any CPU.Build.0 = Release|Any CPU
	EndGlobalSection
	GlobalSection(SolutionProperties) = preSolution
		HideSolutionNode = FALSE
	EndGlobalSection
	GlobalSection(ExtensibilityGlobals) = postSolution
		SolutionGuid = {C25E52DE-1E7B-4242-8338-C0D5B46D223B}
	EndGlobalSection
EndGlobal
